
Microsoft Visual Studio Solution File, Format Version 12.00
# Visual Studio Version 17
VisualStudioVersion = 17.9.34902.65
MinimumVisualStudioVersion = 10.0.40219.1
Project("{9A19103F-16F7-4668-BE54-9A1E7A4F7556}") = "Integrador.Server", "Server\Integrador.Server.csproj", "{9DD446FB-90EC-40B4-8AF6-0E83CC6E51F7}"
EndProject
Project("{9A19103F-16F7-4668-BE54-9A1E7A4F7556}") = "Integrador.Client", "Client\Integrador.Client.csproj", "{2ECC2C40-FA87-4494-8B9A-5E3711668994}"
EndProject
Project("{9A19103F-16F7-4668-BE54-9A1E7A4F7556}") = "Integrador.Shared", "Shared\Integrador.Shared.csproj", "{A8AC4EC8-3209-48B5-8084-DF74967BB780}"
EndProject
Global
	GlobalSection(SolutionConfigurationPlatforms) = preSolution
		Debug|Any CPU = Debug|Any CPU
		Release|Any CPU = Release|Any CPU
	EndGlobalSection
	GlobalSection(ProjectConfigurationPlatforms) = postSolution
		{9DD446FB-90EC-40B4-8AF6-0E83CC6E51F7}.Debug|Any CPU.ActiveCfg = Debug|Any CPU
		{9DD446FB-90EC-40B4-8AF6-0E83CC6E51F7}.Debug|Any CPU.Build.0 = Debug|Any CPU
		{9DD446FB-90EC-40B4-8AF6-0E83CC6E51F7}.Release|Any CPU.ActiveCfg = Release|Any CPU
		{9DD446FB-90EC-40B4-8AF6-0E83CC6E51F7}.Release|Any CPU.Build.0 = Release|Any CPU
		{2ECC2C40-FA87-4494-8B9A-5E3711668994}.Debug|Any CPU.ActiveCfg = Debug|Any CPU
		{2ECC2C40-FA87-4494-8B9A-5E3711668994}.Debug|Any CPU.Build.0 = Debug|Any CPU
		{2ECC2C40-FA87-4494-8B9A-5E3711668994}.Release|Any CPU.ActiveCfg = Release|Any CPU
		{2ECC2C40-FA87-4494-8B9A-5E3711668994}.Release|Any CPU.Build.0 = Release|Any CPU
		{A8AC4EC8-3209-48B5-8084-DF74967BB780}.Debug|Any CPU.ActiveCfg = Debug|Any CPU
		{A8AC4EC8-3209-48B5-8084-DF74967BB780}.Debug|Any CPU.Build.0 = Debug|Any CPU
		{A8AC4EC8-3209-48B5-8084-DF74967BB780}.Release|Any CPU.ActiveCfg = Release|Any CPU
		{A8AC4EC8-3209-48B5-8084-DF74967BB780}.Release|Any CPU.Build.0 = Release|Any CPU
	EndGlobalSection
	GlobalSection(SolutionProperties) = preSolution
		HideSolutionNode = FALSE
	EndGlobalSection
	GlobalSection(ExtensibilityGlobals) = postSolution
		SolutionGuid = {BABB8C3A-7D6B-48FC-B194-5A2982A195CC}
	EndGlobalSection
EndGlobal
